{
  "name": "dcm-json-generator",
  "version": "1.0.0",
  "lockfileVersion": 1,
  "requires": true,
  "dependencies": {
    "dicom-parser": {
      "version": "1.8.1",
      "resolved": "https://registry.npmjs.org/dicom-parser/-/dicom-parser-1.8.1.tgz",
      "integrity": "sha512-8lgmQ+p4KD9lWdDpte/goUFZW9BrNCqYM/mEpO2IZl1srHj+2kmzWNbIMnYdQH60IMreS0ECJ8BnWE0rHSvBGA=="
    },
    "lodash.sortby": {
      "version": "4.7.0",
      "resolved": "https://registry.npmjs.org/lodash.sortby/-/lodash.sortby-4.7.0.tgz",
      "integrity": "sha1-7dFMgk4sycHgsKG0K7UhBRakJDg=",
      "dev": true
    }
  }
}
